
Microsoft Visual Studio Solution File, Format Version 12.00
# Visual Studio Version 17
VisualStudioVersion = 17.1.32319.34
MinimumVisualStudioVersion = 10.0.40219.1
Project("{9A19103F-16F7-4668-BE54-9A1E7A4F7556}") = "Exercise2", "Exercise2\Exercise2.csproj", "{6EAD379F-912D-42DD-9031-537BECCE7DB8}"
EndProject
Project("{9A19103F-16F7-4668-BE54-9A1E7A4F7556}") = "Exercise3", "Exercise3\Exercise3.csproj", "{1C83F395-819E-4660-BCF0-90C75738BC19}"
EndProject
Project("{9A19103F-16F7-4668-BE54-9A1E7A4F7556}") = "Exercise5", "Exercise5\Exercise5.csproj", "{E59F377B-F2B8-4823-AA54-DAD2245B79F8}"
EndProject
Project("{9A19103F-16F7-4668-BE54-9A1E7A4F7556}") = "Exercise6", "Exercise6\Exercise6.csproj", "{ECB32B13-6AE9-465E-BF9A-C60397837DEE}"
EndProject
Project("{9A19103F-16F7-4668-BE54-9A1E7A4F7556}") = "Exercise7", "Exercise7\Exercise7.csproj", "{D1B77F8D-1A9A-446E-A115-54CE55BA77D4}"
EndProject
Project("{9A19103F-16F7-4668-BE54-9A1E7A4F7556}") = "Exercise10", "Exercise10\Exercise10.csproj", "{0AE7983C-A4A9-42DA-94A4-575796865C71}"
EndProject
Project("{9A19103F-16F7-4668-BE54-9A1E7A4F7556}") = "Exercise11", "Exercise11\Exercise11.csproj", "{F66EED60-2D39-42DE-BA36-4135FFCD6B0C}"
EndProject
Project("{FAE04EC0-301F-11D3-BF4B-00C04F79EFBC}") = "Exercise13", "Exercise13\Exercise13.csproj", "{F9F70A54-9E76-47AC-A93A-87CD518633DB}"
EndProject
Project("{FAE04EC0-301F-11D3-BF4B-00C04F79EFBC}") = "Exercise14", "Exercise14\Exercise14.csproj", "{8995F7E1-6F97-42DA-A392-BDBFE748D053}"
EndProject
Global
	GlobalSection(SolutionConfigurationPlatforms) = preSolution
		Debug|Any CPU = Debug|Any CPU
		Release|Any CPU = Release|Any CPU
	EndGlobalSection
	GlobalSection(ProjectConfigurationPlatforms) = postSolution
		{6EAD379F-912D-42DD-9031-537BECCE7DB8}.Debug|Any CPU.ActiveCfg = Debug|Any CPU
		{6EAD379F-912D-42DD-9031-537BECCE7DB8}.Debug|Any CPU.Build.0 = Debug|Any CPU
		{6EAD379F-912D-42DD-9031-537BECCE7DB8}.Release|Any CPU.ActiveCfg = Release|Any CPU
		{6EAD379F-912D-42DD-9031-537BECCE7DB8}.Release|Any CPU.Build.0 = Release|Any CPU
		{1C83F395-819E-4660-BCF0-90C75738BC19}.Debug|Any CPU.ActiveCfg = Debug|Any CPU
		{1C83F395-819E-4660-BCF0-90C75738BC19}.Debug|Any CPU.Build.0 = Debug|Any CPU
		{1C83F395-819E-4660-BCF0-90C75738BC19}.Release|Any CPU.ActiveCfg = Release|Any CPU
		{1C83F395-819E-4660-BCF0-90C75738BC19}.Release|Any CPU.Build.0 = Release|Any CPU
		{E59F377B-F2B8-4823-AA54-DAD2245B79F8}.Debug|Any CPU.ActiveCfg = Debug|Any CPU
		{E59F377B-F2B8-4823-AA54-DAD2245B79F8}.Debug|Any CPU.Build.0 = Debug|Any CPU
		{E59F377B-F2B8-4823-AA54-DAD2245B79F8}.Release|Any CPU.ActiveCfg = Release|Any CPU
		{E59F377B-F2B8-4823-AA54-DAD2245B79F8}.Release|Any CPU.Build.0 = Release|Any CPU
		{ECB32B13-6AE9-465E-BF9A-C60397837DEE}.Debug|Any CPU.ActiveCfg = Debug|Any CPU
		{ECB32B13-6AE9-465E-BF9A-C60397837DEE}.Debug|Any CPU.Build.0 = Debug|Any CPU
		{ECB32B13-6AE9-465E-BF9A-C60397837DEE}.Release|Any CPU.ActiveCfg = Release|Any CPU
		{ECB32B13-6AE9-465E-BF9A-C60397837DEE}.Release|Any CPU.Build.0 = Release|Any CPU
		{D1B77F8D-1A9A-446E-A115-54CE55BA77D4}.Debug|Any CPU.ActiveCfg = Debug|Any CPU
		{D1B77F8D-1A9A-446E-A115-54CE55BA77D4}.Debug|Any CPU.Build.0 = Debug|Any CPU
		{D1B77F8D-1A9A-446E-A115-54CE55BA77D4}.Release|Any CPU.ActiveCfg = Release|Any CPU
		{D1B77F8D-1A9A-446E-A115-54CE55BA77D4}.Release|Any CPU.Build.0 = Release|Any CPU
		{0AE7983C-A4A9-42DA-94A4-575796865C71}.Debug|Any CPU.ActiveCfg = Debug|Any CPU
		{0AE7983C-A4A9-42DA-94A4-575796865C71}.Debug|Any CPU.Build.0 = Debug|Any CPU
		{0AE7983C-A4A9-42DA-94A4-575796865C71}.Release|Any CPU.ActiveCfg = Release|Any CPU
		{0AE7983C-A4A9-42DA-94A4-575796865C71}.Release|Any CPU.Build.0 = Release|Any CPU
		{F66EED60-2D39-42DE-BA36-4135FFCD6B0C}.Debug|Any CPU.ActiveCfg = Debug|Any CPU
		{F66EED60-2D39-42DE-BA36-4135FFCD6B0C}.Debug|Any CPU.Build.0 = Debug|Any CPU
		{F66EED60-2D39-42DE-BA36-4135FFCD6B0C}.Release|Any CPU.ActiveCfg = Release|Any CPU
		{F66EED60-2D39-42DE-BA36-4135FFCD6B0C}.Release|Any CPU.Build.0 = Release|Any CPU
		{F9F70A54-9E76-47AC-A93A-87CD518633DB}.Debug|Any CPU.ActiveCfg = Debug|Any CPU
		{F9F70A54-9E76-47AC-A93A-87CD518633DB}.Debug|Any CPU.Build.0 = Debug|Any CPU
		{F9F70A54-9E76-47AC-A93A-87CD518633DB}.Release|Any CPU.ActiveCfg = Release|Any CPU
		{F9F70A54-9E76-47AC-A93A-87CD518633DB}.Release|Any CPU.Build.0 = Release|Any CPU
		{8995F7E1-6F97-42DA-A392-BDBFE748D053}.Debug|Any CPU.ActiveCfg = Debug|Any CPU
		{8995F7E1-6F97-42DA-A392-BDBFE748D053}.Debug|Any CPU.Build.0 = Debug|Any CPU
		{8995F7E1-6F97-42DA-A392-BDBFE748D053}.Release|Any CPU.ActiveCfg = Release|Any CPU
		{8995F7E1-6F97-42DA-A392-BDBFE748D053}.Release|Any CPU.Build.0 = Release|Any CPU
	EndGlobalSection
	GlobalSection(SolutionProperties) = preSolution
		HideSolutionNode = FALSE
	EndGlobalSection
	GlobalSection(ExtensibilityGlobals) = postSolution
		SolutionGuid = {C6306489-9557-4785-B88D-BF4FEA6BA65A}
	EndGlobalSection
EndGlobal
